{
    "_readme": [
        "This file locks the dependencies of your project to a known state",
        "Read more about it at http://getcomposer.org/doc/01-basic-usage.md#composer-lock-the-lock-file"
    ],
    "hash": "3321577a968de2d568d41994a4011943",
    "packages": [
        {
            "name": "hoa/compiler",
            "version": "dev-master",
            "source": {
                "type": "git",
                "url": "https://github.com/hoaproject/Compiler.git",
                "reference": "b62c541f3efc8b7796a7ffefb80bbcdd60d7f221"
            },
            "dist": {
                "type": "zip",
                "url": "https://api.github.com/repos/hoaproject/Compiler/zipball/b62c541f3efc8b7796a7ffefb80bbcdd60d7f221",
                "reference": "b62c541f3efc8b7796a7ffefb80bbcdd60d7f221",
                "shasum": ""
            },
            "require": {
                "hoa/core": "dev-master",
                "hoa/file": "dev-master",
                "hoa/iterator": "dev-master",
                "hoa/math": "dev-master",
                "hoa/visitor": "dev-master"
            },
            "type": "library",
            "notification-url": "https://packagist.org/downloads/",
            "license": [
                "BSD-3-Clause"
            ],
            "authors": [
                {
                    "name": "Ivan Enderlin",
                    "email": "ivan.enderlin@hoa-project.net"
                },
                {
                    "name": "Hoa community",
                    "homepage": "http://hoa-project.net/"
                }
            ],
            "description": "The Hoa\\Compiler library.",
            "homepage": "http://hoa-project.net/",
            "keywords": [
                "algebraic",
                "ast",
                "compiler",
                "context-free",
                "coverage",
                "exhaustive",
                "grammar",
                "isotropic",
                "language",
                "lexer",
                "library",
                "ll1",
                "llk",
                "parser",
                "pp",
                "random",
                "regular",
                "rule",
                "sampler",
                "syntax",
                "token",
                "trace",
                "uniform"
            ],
            "time": "2013-04-26 07:52:40"
        },
        {
            "name": "hoa/core",
            "version": "dev-master",
            "source": {
                "type": "git",
                "url": "https://github.com/hoaproject/Core.git",
                "reference": "00878a86042330998a8fa461464c67d53002867d"
            },
            "dist": {
                "type": "zip",
                "url": "https://api.github.com/repos/hoaproject/Core/zipball/00878a86042330998a8fa461464c67d53002867d",
                "reference": "00878a86042330998a8fa461464c67d53002867d",
                "shasum": ""
            },
            "require": {
                "ext-spl": "*",
                "php": ">=5.3.3"
            },
            "require-dev": {
                "hoa/console": "dev-master",
                "hoa/dispatcher": "dev-master",
                "hoa/router": "dev-master"
            },
            "bin": [
                "Bin/hoa"
            ],
            "type": "library",
            "autoload": {
                "files": [
                    "Core.php"
                ]
            },
            "notification-url": "https://packagist.org/downloads/",
            "license": [
                "BSD-3-Clause"
            ],
            "authors": [
                {
                    "name": "Ivan Enderlin",
                    "email": "ivan.enderlin@hoa-project.net"
                },
                {
                    "name": "Hoa community",
                    "homepage": "http://hoa-project.net/"
                }
            ],
            "description": "The Hoa\\Core library.",
            "homepage": "http://hoa-project.net/",
            "keywords": [
                "consistency",
                "core",
                "data",
                "event",
                "library",
                "listener",
                "parameter",
                "protocol"
            ],
            "time": "2013-04-26 08:00:05"
        },
        {
            "name": "hoa/file",
            "version": "dev-master",
            "source": {
                "type": "git",
                "url": "https://github.com/hoaproject/File.git",
                "reference": "483f12a83c4ac39e586c98c2ab645793b3ee5d29"
            },
            "dist": {
                "type": "zip",
                "url": "https://api.github.com/repos/hoaproject/File/zipball/483f12a83c4ac39e586c98c2ab645793b3ee5d29",
                "reference": "483f12a83c4ac39e586c98c2ab645793b3ee5d29",
                "shasum": ""
            },
            "require": {
                "hoa/core": "dev-master",
                "hoa/iterator": "dev-master",
                "hoa/stream": "dev-master"
            },
            "type": "library",
            "notification-url": "https://packagist.org/downloads/",
            "license": [
                "BSD-3-Clause"
            ],
            "authors": [
                {
                    "name": "Ivan Enderlin",
                    "email": "ivan.enderlin@hoa-project.net"
                },
                {
                    "name": "Hoa community",
                    "homepage": "http://hoa-project.net/"
                }
            ],
            "description": "The Hoa\\file library.",
            "homepage": "http://hoa-project.net/",
            "keywords": [
                "Socket",
                "directory",
                "file",
                "finder",
                "library",
                "link",
                "temporary"
            ],
            "time": "2013-04-26 08:05:40"
        },
        {
            "name": "hoa/iterator",
            "version": "dev-master",
            "source": {
                "type": "git",
                "url": "https://github.com/hoaproject/Iterator.git",
                "reference": "1d55c9d37cdea3354627b2eec3a2033cbaa84657"
            },
            "dist": {
                "type": "zip",
                "url": "https://api.github.com/repos/hoaproject/Iterator/zipball/1d55c9d37cdea3354627b2eec3a2033cbaa84657",
                "reference": "1d55c9d37cdea3354627b2eec3a2033cbaa84657",
                "shasum": ""
            },
            "require": {
                "hoa/core": "dev-master"
            },
            "type": "library",
            "notification-url": "https://packagist.org/downloads/",
            "license": [
                "BSD-3-Clause"
            ],
            "authors": [
                {
                    "name": "Ivan Enderlin",
                    "email": "ivan.enderlin@hoa-project.net"
                },
                {
                    "name": "Hoa community",
                    "homepage": "http://hoa-project.net/"
                }
            ],
            "description": "The Hoa\\Iterator library.",
            "homepage": "http://hoa-project.net/",
            "keywords": [
                "iterator",
                "library"
            ],
            "time": "2013-04-25 17:53:26"
        },
        {
            "name": "hoa/math",
            "version": "dev-master",
            "source": {
                "type": "git",
                "url": "https://github.com/hoaproject/Math.git",
                "reference": "789c8c618eab3088ab68b1434f0054810f032ee9"
            },
            "dist": {
                "type": "zip",
                "url": "https://api.github.com/repos/hoaproject/Math/zipball/789c8c618eab3088ab68b1434f0054810f032ee9",
                "reference": "789c8c618eab3088ab68b1434f0054810f032ee9",
                "shasum": ""
            },
            "require": {
                "hoa/compiler": "dev-master",
                "hoa/core": "dev-master",
                "hoa/iterator": "dev-master"
            },
            "type": "library",
            "notification-url": "https://packagist.org/downloads/",
            "license": [
                "BSD-3-Clause"
            ],
            "authors": [
                {
                    "name": "Ivan Enderlin",
                    "email": "ivan.enderlin@hoa-project.net"
                },
                {
                    "name": "Hoa community",
                    "homepage": "http://hoa-project.net/"
                }
            ],
            "description": "The Hoa\\Math library.",
            "homepage": "http://hoa-project.net/",
            "keywords": [
                "arrangement",
                "combination",
                "combinatorics",
                "counting",
                "library",
                "math",
                "permutation",
                "sampler",
                "set"
            ],
            "time": "2013-04-26 08:09:22"
        },
        {
            "name": "hoa/stream",
            "version": "dev-master",
            "source": {
                "type": "git",
                "url": "https://github.com/hoaproject/Stream.git",
                "reference": "ea4f26187aae9440fa6f147e03edc0d4a786e232"
            },
            "dist": {
                "type": "zip",
                "url": "https://api.github.com/repos/hoaproject/Stream/zipball/ea4f26187aae9440fa6f147e03edc0d4a786e232",
                "reference": "ea4f26187aae9440fa6f147e03edc0d4a786e232",
                "shasum": ""
            },
            "require": {
                "hoa/core": "dev-master"
            },
            "type": "library",
            "notification-url": "https://packagist.org/downloads/",
            "license": [
                "BSD-3-Clause"
            ],
            "authors": [
                {
                    "name": "Ivan Enderlin",
                    "email": "ivan.enderlin@hoa-project.net"
                },
                {
                    "name": "Hoa community",
                    "homepage": "http://hoa-project.net/"
                }
            ],
            "description": "The Hoa\\Stream library.",
            "homepage": "http://hoa-project.net/",
            "keywords": [
                "Context",
                "bucket",
                "composite",
                "filter",
                "in",
                "library",
                "out",
                "protocol",
                "stream",
                "wrapper"
            ],
            "time": "2013-04-26 08:17:55"
        },
        {
            "name": "hoa/visitor",
            "version": "dev-master",
            "source": {
                "type": "git",
                "url": "https://github.com/hoaproject/Visitor.git",
                "reference": "63b1fff60e25b4415a5159c976ed257dddca5491"
            },
            "dist": {
                "type": "zip",
                "url": "https://api.github.com/repos/hoaproject/Visitor/zipball/63b1fff60e25b4415a5159c976ed257dddca5491",
                "reference": "63b1fff60e25b4415a5159c976ed257dddca5491",
                "shasum": ""
            },
            "require": {
                "hoa/core": "dev-master"
            },
            "type": "library",
            "notification-url": "https://packagist.org/downloads/",
            "license": [
                "BSD-3-Clause"
            ],
            "authors": [
                {
                    "name": "Ivan Enderlin",
                    "email": "ivan.enderlin@hoa-project.net"
                },
                {
                    "name": "Hoa community",
                    "homepage": "http://hoa-project.net/"
                }
            ],
            "description": "The Hoa\\Visitor library.",
            "homepage": "http://hoa-project.net/",
            "keywords": [
                "library",
                "structure",
                "visit",
                "visitor"
            ],
            "time": "2013-04-26 08:20:07"
        }
    ],
    "packages-dev": [

    ],
    "aliases": [

    ],
    "minimum-stability": "dev",
    "stability-flags": [

    ],
    "platform": {
        "php": ">=5.3.2"
    },
    "platform-dev": [

    ]
}
